# THIS IS AN AUTOGENERATED FILE. DO NOT EDIT THIS FILE DIRECTLY.
# yarn lockfile v1


"@babel/parser@^7.18.4":
  version "7.18.6"
  resolved "https://mirrors.cloud.tencent.com/npm/@babel%2fparser/-/parser-7.18.6.tgz#845338edecad65ebffef058d3be851f1d28a63bc"
  integrity sha512-uQVSa9jJUe/G/304lXspfWVpKpK4euFLgGiMQFOCpM/bgcAdeoHwi/OQz23O9GK2osz26ZiXRRV9aV+Yl1O8tw==

"@babel/standalone@^7.17.11":
  version "7.18.7"
  resolved "https://mirrors.cloud.tencent.com/npm/@babel%2fstandalone/-/standalone-7.18.7.tgz#75f53f54abe3f1073e9a30fcd2a181a80763a836"
  integrity sha512-AIOn3ON0KhYqAbvmkT11vi/YAlhrPn6RSPQb8Hl3PUZoE1yFwut5fQ9/oJ4Dvf2SGmO41pF7xmwP2W1RT0uJCA==

"@jridgewell/gen-mapping@^0.3.0":
  version "0.3.2"
  resolved "https://mirrors.cloud.tencent.com/npm/@jridgewell%2fgen-mapping/-/gen-mapping-0.3.2.tgz#c1aedc61e853f2bb9f5dfe6d4442d3b565b253b9"
  integrity sha512-mh65xKQAzI6iBcFzwv28KVWSmCkdRBWoOh+bYQGW3+6OZvbbN3TqMGo5hqYxQniRcH9F2VZIoJCm4pa3BPDK/A==
  dependencies:
    "@jridgewell/set-array" "^1.0.1"
    "@jridgewell/sourcemap-codec" "^1.4.10"
    "@jridgewell/trace-mapping" "^0.3.9"

"@jridgewell/resolve-uri@^3.0.3":
  version "3.0.8"
  resolved "https://mirrors.tencent.com/npm/@jridgewell%2fresolve-uri/-/resolve-uri-3.0.8.tgz#687cc2bbf243f4e9a868ecf2262318e2658873a1"
  integrity sha512-YK5G9LaddzGbcucK4c8h5tWFmMPBvRZ/uyWmN1/SbBdIvqGUdWGkJ5BAaccgs6XbzVLsqbPJrBSFwKv3kT9i7w==

"@jridgewell/set-array@^1.0.1":
  version "1.1.2"
  resolved "https://mirrors.tencent.com/npm/@jridgewell%2fset-array/-/set-array-1.1.2.tgz#7c6cf998d6d20b914c0a55a91ae928ff25965e72"
  integrity sha512-xnkseuNADM0gt2bs+BvhO0p78Mk762YnZdsuzFV018NoG1Sj1SCQvpSqa7XUaTam5vAGasABV9qXASMKnFMwMw==

"@jridgewell/source-map@^0.3.2":
  version "0.3.2"
  resolved "https://mirrors.cloud.tencent.com/npm/@jridgewell%2fsource-map/-/source-map-0.3.2.tgz#f45351aaed4527a298512ec72f81040c998580fb"
  integrity sha512-m7O9o2uR8k2ObDysZYzdfhb08VuEml5oWGiosa1VdaPZ/A6QyPkAJuwN0Q1lhULOf6B7MtQmHENS743hWtCrgw==
  dependencies:
    "@jridgewell/gen-mapping" "^0.3.0"
    "@jridgewell/trace-mapping" "^0.3.9"

"@jridgewell/sourcemap-codec@^1.4.10":
  version "1.4.14"
  resolved "https://mirrors.cloud.tencent.com/npm/@jridgewell%2fsourcemap-codec/-/sourcemap-codec-1.4.14.tgz#add4c98d341472a289190b424efbdb096991bb24"
  integrity sha512-XPSJHWmi394fuUuzDnGz1wiKqWfo1yXecHQMRf2l6hztTO+nPru658AyDngaBe7isIxEkRsPR3FZh+s7iVa4Uw==

"@jridgewell/trace-mapping@^0.3.9":
  version "0.3.14"
  resolved "https://mirrors.tencent.com/npm/@jridgewell%2ftrace-mapping/-/trace-mapping-0.3.14.tgz#b231a081d8f66796e475ad588a1ef473112701ed"
  integrity sha512-bJWEfQ9lPTvm3SneWwRFVLzrh6nhjwqw7TUFFBEMzwvg7t7PCDenf2lDwqo4NQXzdpgBXyFgDWnQA+2vkruksQ==
  dependencies:
    "@jridgewell/resolve-uri" "^3.0.3"
    "@jridgewell/sourcemap-codec" "^1.4.10"

"@vitejs/plugin-legacy@^1.8.2":
  version "1.8.2"
  resolved "https://mirrors.cloud.tencent.com/npm/@vitejs%2fplugin-legacy/-/plugin-legacy-1.8.2.tgz#2f315bcb6685b12719813fb9412851445cca636f"
  integrity sha512-NCOKU+pU+cxLMR9P9RTolEuOK+h+zYBXlknj+zGcKSj/NXBZYgA1GAH1FnO4zijoWRiTaiOm2ha9LQrELE7XHg==
  dependencies:
    "@babel/standalone" "^7.17.11"
    core-js "^3.22.3"
    magic-string "^0.26.1"
    regenerator-runtime "^0.13.9"
    systemjs "^6.12.1"

"@vitejs/plugin-vue2@^1.1.2":
  version "1.1.2"
  resolved "https://mirrors.cloud.tencent.com/npm/@vitejs%2fplugin-vue2/-/plugin-vue2-1.1.2.tgz#891f0acc5a6a2b4886a74cb8d6359d42f19f968a"
  integrity sha512-y6OEA+2UdJ0xrEQHodq20v9r3SpS62IOHrgN92JPLvVpNkhcissu7yvD5PXMzMESyazj0XNWGsc8UQk8+mVrjQ==

"@vue/compiler-sfc@2.7.0":
  version "2.7.0"
  resolved "https://mirrors.cloud.tencent.com/npm/@vue%2fcompiler-sfc/-/compiler-sfc-2.7.0.tgz#1c203e85290688e10ed3e70b151b9a2f8acab9c1"
  integrity sha512-hPOI15RsXO1G8aK6FNF93ld9C/D4e/uAJBE59K8NnL8giuKqeVksvamgu4jKhCJ9f9bbUpj5BuSV3sufIx2hmw==
  dependencies:
    "@babel/parser" "^7.18.4"
    postcss "^8.4.14"
    source-map "^0.6.1"

acorn@^8.5.0:
  version "8.7.1"
  resolved "https://mirrors.tencent.com/npm/acorn/-/acorn-8.7.1.tgz#0197122c843d1bf6d0a5e83220a788f278f63c30"
  integrity sha512-Xx54uLJQZ19lKygFXOWsscKUbsBZW0CPykPhVQdhIeIwrbPmJzqeASDInc8nKBnp/JT6igTs82qPXz069H8I/A==

buffer-from@^1.0.0:
  version "1.1.2"
  resolved "https://mirrors.tencent.com/npm/buffer-from/-/buffer-from-1.1.2.tgz#2b146a6fd72e80b4f55d255f35ed59a3a9a41bd5"
  integrity sha512-E+XQCRwSbaaiChtv6k6Dwgc+bx+Bs6vuKJHHl5kox/BaKbhiXzqQOwK4cO22yElGp2OCmjwVhT3HmxgyPGnJfQ==

commander@^2.20.0:
  version "2.20.3"
  resolved "https://mirrors.tencent.com/npm/commander/-/commander-2.20.3.tgz#fd485e84c03eb4881c20722ba48035e8531aeb33"
  integrity sha512-GpVkmM8vF2vQUkj2LvZmD35JxeJOLCwJ9cUkugyk2nuhbv3+mJvpLYYt+0+USMxE+oj+ey/lJEnhZw75x/OMcQ==

core-js@^3.22.3:
  version "3.23.3"
  resolved "https://mirrors.cloud.tencent.com/npm/core-js/-/core-js-3.23.3.tgz#3b977612b15da6da0c9cc4aec487e8d24f371112"
  integrity sha512-oAKwkj9xcWNBAvGbT//WiCdOMpb9XQG92/Fe3ABFM/R16BsHgePG00mFOgKf7IsCtfj8tA1kHtf/VwErhriz5Q==

csstype@^3.1.0:
  version "3.1.0"
  resolved "https://mirrors.cloud.tencent.com/npm/csstype/-/csstype-3.1.0.tgz#4ddcac3718d787cf9df0d1b7d15033925c8f29f2"
  integrity sha512-uX1KG+x9h5hIJsaKR9xHUeUraxf8IODOwq9JLNPq6BwB04a/xgpq3rcx47l5BZu5zBPlgD342tdke3Hom/nJRA==

esbuild-android-64@0.14.48:
  version "0.14.48"
  resolved "https://mirrors.cloud.tencent.com/npm/esbuild-android-64/-/esbuild-android-64-0.14.48.tgz#7e6394a0e517f738641385aaf553c7e4fb6d1ae3"
  integrity sha512-3aMjboap/kqwCUpGWIjsk20TtxVoKck8/4Tu19rubh7t5Ra0Yrpg30Mt1QXXlipOazrEceGeWurXKeFJgkPOUg==

esbuild-android-arm64@0.14.48:
  version "0.14.48"
  resolved "https://mirrors.cloud.tencent.com/npm/esbuild-android-arm64/-/esbuild-android-arm64-0.14.48.tgz#6877566be0f82dd5a43030c0007d06ece7f7c02f"
  integrity sha512-vptI3K0wGALiDq+EvRuZotZrJqkYkN5282iAfcffjI5lmGG9G1ta/CIVauhY42MBXwEgDJkweiDcDMRLzBZC4g==

esbuild-darwin-64@0.14.48:
  version "0.14.48"
  resolved "https://mirrors.cloud.tencent.com/npm/esbuild-darwin-64/-/esbuild-darwin-64-0.14.48.tgz#ea3caddb707d88f844b1aa1dea5ff3b0a71ef1fd"
  integrity sha512-gGQZa4+hab2Va/Zww94YbshLuWteyKGD3+EsVon8EWTWhnHFRm5N9NbALNbwi/7hQ/hM1Zm4FuHg+k6BLsl5UA==

esbuild-darwin-arm64@0.14.48:
  version "0.14.48"
  resolved "https://mirrors.cloud.tencent.com/npm/esbuild-darwin-arm64/-/esbuild-darwin-arm64-0.14.48.tgz#4e5eaab54df66cc319b76a2ac0e8af4e6f0d9c2f"
  integrity sha512-bFjnNEXjhZT+IZ8RvRGNJthLWNHV5JkCtuOFOnjvo5pC0sk2/QVk0Qc06g2PV3J0TcU6kaPC3RN9yy9w2PSLEA==

esbuild-freebsd-64@0.14.48:
  version "0.14.48"
  resolved "https://mirrors.cloud.tencent.com/npm/esbuild-freebsd-64/-/esbuild-freebsd-64-0.14.48.tgz#47b5abc7426eae66861490ffbb380acc67af5b15"
  integrity sha512-1NOlwRxmOsnPcWOGTB10JKAkYSb2nue0oM1AfHWunW/mv3wERfJmnYlGzL3UAOIUXZqW8GeA2mv+QGwq7DToqA==

esbuild-freebsd-arm64@0.14.48:
  version "0.14.48"
  resolved "https://mirrors.cloud.tencent.com/npm/esbuild-freebsd-arm64/-/esbuild-freebsd-arm64-0.14.48.tgz#e8c54c8637cd44feed967ea12338b0a4da3a7b11"
  integrity sha512-gXqKdO8wabVcYtluAbikDH2jhXp+Klq5oCD5qbVyUG6tFiGhrC9oczKq3vIrrtwcxDQqK6+HDYK8Zrd4bCA9Gw==

esbuild-linux-32@0.14.48:
  version "0.14.48"
  resolved "https://mirrors.cloud.tencent.com/npm/esbuild-linux-32/-/esbuild-linux-32-0.14.48.tgz#229cf3246de2b7937c3ac13fac622d4d7a1344c5"
  integrity sha512-ghGyDfS289z/LReZQUuuKq9KlTiTspxL8SITBFQFAFRA/IkIvDpnZnCAKTCjGXAmUqroMQfKJXMxyjJA69c/nQ==

esbuild-linux-64@0.14.48:
  version "0.14.48"
  resolved "https://mirrors.cloud.tencent.com/npm/esbuild-linux-64/-/esbuild-linux-64-0.14.48.tgz#7c0e7226c02c42aacc5656c36977493dc1e96c4f"
  integrity sha512-vni3p/gppLMVZLghI7oMqbOZdGmLbbKR23XFARKnszCIBpEMEDxOMNIKPmMItQrmH/iJrL1z8Jt2nynY0bE1ug==

esbuild-linux-arm64@0.14.48:
  version "0.14.48"
  resolved "https://mirrors.cloud.tencent.com/npm/esbuild-linux-arm64/-/esbuild-linux-arm64-0.14.48.tgz#0af1eda474b5c6cc0cace8235b74d0cb8fcf57a7"
  integrity sha512-3CFsOlpoxlKPRevEHq8aAntgYGYkE1N9yRYAcPyng/p4Wyx0tPR5SBYsxLKcgPB9mR8chHEhtWYz6EZ+H199Zw==

esbuild-linux-arm@0.14.48:
  version "0.14.48"
  resolved "https://mirrors.cloud.tencent.com/npm/esbuild-linux-arm/-/esbuild-linux-arm-0.14.48.tgz#de4d1fa6b77cdcd00e2bb43dd0801e4680f0ab52"
  integrity sha512-+VfSV7Akh1XUiDNXgqgY1cUP1i2vjI+BmlyXRfVz5AfV3jbpde8JTs5Q9sYgaoq5cWfuKfoZB/QkGOI+QcL1Tw==

esbuild-linux-mips64le@0.14.48:
  version "0.14.48"
  resolved "https://mirrors.cloud.tencent.com/npm/esbuild-linux-mips64le/-/esbuild-linux-mips64le-0.14.48.tgz#822c1778495f7868e990d4da47ad7281df28fd15"
  integrity sha512-cs0uOiRlPp6ymknDnjajCgvDMSsLw5mST2UXh+ZIrXTj2Ifyf2aAP3Iw4DiqgnyYLV2O/v/yWBJx+WfmKEpNLA==

esbuild-linux-ppc64le@0.14.48:
  version "0.14.48"
  resolved "https://mirrors.cloud.tencent.com/npm/esbuild-linux-ppc64le/-/esbuild-linux-ppc64le-0.14.48.tgz#55de0a9ec4a48fedfe82a63e083164d001709447"
  integrity sha512-+2F0vJMkuI0Wie/wcSPDCqXvSFEELH7Jubxb7mpWrA/4NpT+/byjxDz0gG6R1WJoeDefcrMfpBx4GFNN1JQorQ==

esbuild-linux-riscv64@0.14.48:
  version "0.14.48"
  resolved "https://mirrors.cloud.tencent.com/npm/esbuild-linux-riscv64/-/esbuild-linux-riscv64-0.14.48.tgz#cd2b7381880b2f4b21a5a598fb673492120f18a5"
  integrity sha512-BmaK/GfEE+5F2/QDrIXteFGKnVHGxlnK9MjdVKMTfvtmudjY3k2t8NtlY4qemKSizc+QwyombGWTBDc76rxePA==

esbuild-linux-s390x@0.14.48:
  version "0.14.48"
  resolved "https://mirrors.cloud.tencent.com/npm/esbuild-linux-s390x/-/esbuild-linux-s390x-0.14.48.tgz#4b319eca2a5c64637fc7397ffbd9671719cdb6bf"
  integrity sha512-tndw/0B9jiCL+KWKo0TSMaUm5UWBLsfCKVdbfMlb3d5LeV9WbijZ8Ordia8SAYv38VSJWOEt6eDCdOx8LqkC4g==

esbuild-netbsd-64@0.14.48:
  version "0.14.48"
  resolved "https://mirrors.cloud.tencent.com/npm/esbuild-netbsd-64/-/esbuild-netbsd-64-0.14.48.tgz#c27cde8b5cb55dcc227943a18ab078fb98d0adbf"
  integrity sha512-V9hgXfwf/T901Lr1wkOfoevtyNkrxmMcRHyticybBUHookznipMOHoF41Al68QBsqBxnITCEpjjd4yAos7z9Tw==

esbuild-openbsd-64@0.14.48:
  version "0.14.48"
  resolved "https://mirrors.cloud.tencent.com/npm/esbuild-openbsd-64/-/esbuild-openbsd-64-0.14.48.tgz#af5ab2d1cb41f09064bba9465fc8bf1309150df1"
  integrity sha512-+IHf4JcbnnBl4T52egorXMatil/za0awqzg2Vy6FBgPcBpisDWT2sVz/tNdrK9kAqj+GZG/jZdrOkj7wsrNTKA==

esbuild-sunos-64@0.14.48:
  version "0.14.48"
  resolved "https://mirrors.cloud.tencent.com/npm/esbuild-sunos-64/-/esbuild-sunos-64-0.14.48.tgz#db3ae20526055cf6fd5c4582676233814603ac54"
  integrity sha512-77m8bsr5wOpOWbGi9KSqDphcq6dFeJyun8TA+12JW/GAjyfTwVtOnN8DOt6DSPUfEV+ltVMNqtXUeTeMAxl5KA==

esbuild-windows-32@0.14.48:
  version "0.14.48"
  resolved "https://mirrors.cloud.tencent.com/npm/esbuild-windows-32/-/esbuild-windows-32-0.14.48.tgz#021ffceb0a3f83078262870da88a912293c57475"
  integrity sha512-EPgRuTPP8vK9maxpTGDe5lSoIBHGKO/AuxDncg5O3NkrPeLNdvvK8oywB0zGaAZXxYWfNNSHskvvDgmfVTguhg==

esbuild-windows-64@0.14.48:
  version "0.14.48"
  resolved "https://mirrors.cloud.tencent.com/npm/esbuild-windows-64/-/esbuild-windows-64-0.14.48.tgz#a4d3407b580f9faac51f61eec095fa985fb3fee4"
  integrity sha512-YmpXjdT1q0b8ictSdGwH3M8VCoqPpK1/UArze3X199w6u8hUx3V8BhAi1WjbsfDYRBanVVtduAhh2sirImtAvA==

esbuild-windows-arm64@0.14.48:
  version "0.14.48"
  resolved "https://mirrors.cloud.tencent.com/npm/esbuild-windows-arm64/-/esbuild-windows-arm64-0.14.48.tgz#762c0562127d8b09bfb70a3c816460742dd82880"
  integrity sha512-HHaOMCsCXp0rz5BT2crTka6MPWVno121NKApsGs/OIW5QC0ggC69YMGs1aJct9/9FSUF4A1xNE/cLvgB5svR4g==

esbuild@^0.14.27:
  version "0.14.48"
  resolved "https://mirrors.cloud.tencent.com/npm/esbuild/-/esbuild-0.14.48.tgz#da5d8d25cd2d940c45ea0cfecdca727f7aee2b85"
  integrity sha512-w6N1Yn5MtqK2U1/WZTX9ZqUVb8IOLZkZ5AdHkT6x3cHDMVsYWC7WPdiLmx19w3i4Rwzy5LqsEMtVihG3e4rFzA==
  optionalDependencies:
    esbuild-android-64 "0.14.48"
    esbuild-android-arm64 "0.14.48"
    esbuild-darwin-64 "0.14.48"
    esbuild-darwin-arm64 "0.14.48"
    esbuild-freebsd-64 "0.14.48"
    esbuild-freebsd-arm64 "0.14.48"
    esbuild-linux-32 "0.14.48"
    esbuild-linux-64 "0.14.48"
    esbuild-linux-arm "0.14.48"
    esbuild-linux-arm64 "0.14.48"
    esbuild-linux-mips64le "0.14.48"
    esbuild-linux-ppc64le "0.14.48"
    esbuild-linux-riscv64 "0.14.48"
    esbuild-linux-s390x "0.14.48"
    esbuild-netbsd-64 "0.14.48"
    esbuild-openbsd-64 "0.14.48"
    esbuild-sunos-64 "0.14.48"
    esbuild-windows-32 "0.14.48"
    esbuild-windows-64 "0.14.48"
    esbuild-windows-arm64 "0.14.48"

fsevents@~2.3.2:
  version "2.3.2"
  resolved "https://mirrors.cloud.tencent.com/npm/fsevents/-/fsevents-2.3.2.tgz#8a526f78b8fdf4623b709e0b975c52c24c02fd1a"
  integrity sha512-xiqMQR4xAeHTuB9uWm+fFRcIOgKBMiOBP+eXiyT7jsgVCq1bkVygt00oASowB7EdtpOHaaPgKt812P9ab+DDKA==

function-bind@^1.1.1:
  version "1.1.1"
  resolved "https://mirrors.cloud.tencent.com/npm/function-bind/-/function-bind-1.1.1.tgz#a56899d3ea3c9bab874bb9773b7c5ede92f4895d"
  integrity sha512-yIovAzMX49sF8Yl58fSCWJ5svSLuaibPxXQJFLmBObTuCr0Mf1KiPopGM9NiFjiYBCbfaa2Fh6breQ6ANVTI0A==

has@^1.0.3:
  version "1.0.3"
  resolved "https://mirrors.cloud.tencent.com/npm/has/-/has-1.0.3.tgz#722d7cbfc1f6aa8241f16dd814e011e1f41e8796"
  integrity sha512-f2dvO0VU6Oej7RkWJGrehjbzMAjFp5/VKPp5tTpWIV4JHHZK1/BxbFRtf/siA2SWTe09caDmVtYYzWEIbBS4zw==
  dependencies:
    function-bind "^1.1.1"

is-core-module@^2.9.0:
  version "2.9.0"
  resolved "https://mirrors.cloud.tencent.com/npm/is-core-module/-/is-core-module-2.9.0.tgz#e1c34429cd51c6dd9e09e0799e396e27b19a9c69"
  integrity sha512-+5FPy5PnwmO3lvfMb0AsoPaBG+5KHUI0wYFXOtYPnVVVspTFUuMZNfNaNVRt3FZadstu2c8x23vykRW/NBoU6A==
  dependencies:
    has "^1.0.3"

magic-string@^0.26.1:
  version "0.26.2"
  resolved "https://mirrors.cloud.tencent.com/npm/magic-string/-/magic-string-0.26.2.tgz#5331700e4158cd6befda738bb6b0c7b93c0d4432"
  integrity sha512-NzzlXpclt5zAbmo6h6jNc8zl2gNRGHvmsZW4IvZhTC4W7k4OlLP+S5YLussa/r3ixNT66KOQfNORlXHSOy/X4A==
  dependencies:
    sourcemap-codec "^1.4.8"

nanoid@^3.3.4:
  version "3.3.4"
  resolved "https://mirrors.cloud.tencent.com/npm/nanoid/-/nanoid-3.3.4.tgz#730b67e3cd09e2deacf03c027c81c9d9dbc5e8ab"
  integrity sha512-MqBkQh/OHTS2egovRtLk45wEyNXwF+cokD+1YPf9u5VfJiRdAiRwB2froX5Co9Rh20xs4siNPm8naNotSD6RBw==

path-parse@^1.0.7:
  version "1.0.7"
  resolved "https://mirrors.cloud.tencent.com/npm/path-parse/-/path-parse-1.0.7.tgz#fbc114b60ca42b30d9daf5858e4bd68bbedb6735"
  integrity sha512-LDJzPVEEEPR+y48z93A0Ed0yXb8pAByGWo/k5YYdYgpY2/2EsOsksJrq7lOHxryrVOn1ejG6oAp8ahvOIQD8sw==

picocolors@^1.0.0:
  version "1.0.0"
  resolved "https://mirrors.cloud.tencent.com/npm/picocolors/-/picocolors-1.0.0.tgz#cb5bdc74ff3f51892236eaf79d68bc44564ab81c"
  integrity sha512-1fygroTLlHu66zi26VoTDv8yRgm0Fccecssto+MhsZ0D/DGW2sm8E8AjW7NU5VVTRt5GxbeZ5qBuJr+HyLYkjQ==

postcss@^8.4.13, postcss@^8.4.14:
  version "8.4.14"
  resolved "https://mirrors.cloud.tencent.com/npm/postcss/-/postcss-8.4.14.tgz#ee9274d5622b4858c1007a74d76e42e56fd21caf"
  integrity sha512-E398TUmfAYFPBSdzgeieK2Y1+1cpdxJx8yXbK/m57nRhKSmk1GB2tO4lbLBtlkfPQTDKfe4Xqv1ASWPpayPEig==
  dependencies:
    nanoid "^3.3.4"
    picocolors "^1.0.0"
    source-map-js "^1.0.2"

regenerator-runtime@^0.13.9:
  version "0.13.9"
  resolved "https://mirrors.cloud.tencent.com/npm/regenerator-runtime/-/regenerator-runtime-0.13.9.tgz#8925742a98ffd90814988d7566ad30ca3b263b52"
  integrity sha512-p3VT+cOEgxFsRRA9X4lkI1E+k2/CtnKtU4gcxyaCUreilL/vqI6CdZ3wxVUx3UOUg+gnUOQQcRI7BmSI656MYA==

resolve@^1.22.0:
  version "1.22.1"
  resolved "https://mirrors.cloud.tencent.com/npm/resolve/-/resolve-1.22.1.tgz#27cb2ebb53f91abb49470a928bba7558066ac177"
  integrity sha512-nBpuuYuY5jFsli/JIs1oldw6fOQCBioohqWZg/2hiaOybXOft4lonv85uDOKXdf8rhyK159cxU5cDcK/NKk8zw==
  dependencies:
    is-core-module "^2.9.0"
    path-parse "^1.0.7"
    supports-preserve-symlinks-flag "^1.0.0"

rollup@^2.59.0:
  version "2.75.7"
  resolved "https://mirrors.cloud.tencent.com/npm/rollup/-/rollup-2.75.7.tgz#221ff11887ae271e37dcc649ba32ce1590aaa0b9"
  integrity sha512-VSE1iy0eaAYNCxEXaleThdFXqZJ42qDBatAwrfnPlENEZ8erQ+0LYX4JXOLPceWfZpV1VtZwZ3dFCuOZiSyFtQ==
  optionalDependencies:
    fsevents "~2.3.2"

source-map-js@^1.0.2:
  version "1.0.2"
  resolved "https://mirrors.cloud.tencent.com/npm/source-map-js/-/source-map-js-1.0.2.tgz#adbc361d9c62df380125e7f161f71c826f1e490c"
  integrity sha512-R0XvVJ9WusLiqTCEiGCmICCMplcCkIwwR11mOSD9CR5u+IXYdiseeEuXCVAjS54zqwkLcPNnmU4OeJ6tUrWhDw==

source-map-support@~0.5.20:
  version "0.5.21"
  resolved "https://mirrors.tencent.com/npm/source-map-support/-/source-map-support-0.5.21.tgz#04fe7c7f9e1ed2d662233c28cb2b35b9f63f6e4f"
  integrity sha512-uBHU3L3czsIyYXKX88fdrGovxdSCoTGDRZ6SYXtSRxLZUzHg5P/66Ht6uoUlHu9EZod+inXhKo3qQgwXUT/y1w==
  dependencies:
    buffer-from "^1.0.0"
    source-map "^0.6.0"

source-map@^0.6.0, source-map@^0.6.1:
  version "0.6.1"
  resolved "https://mirrors.tencent.com/npm/source-map/-/source-map-0.6.1.tgz#74722af32e9614e9c287a8d0bbde48b5e2f1a263"
  integrity sha512-UjgapumWlbMhkBgzT7Ykc5YXUT46F0iKu8SGXq0bcwP5dz/h0Plj6enJqjz1Zbq2l5WaqYnrVbwWOWMyF3F47g==

sourcemap-codec@^1.4.8:
  version "1.4.8"
  resolved "https://mirrors.cloud.tencent.com/npm/sourcemap-codec/-/sourcemap-codec-1.4.8.tgz#ea804bd94857402e6992d05a38ef1ae35a9ab4c4"
  integrity sha512-9NykojV5Uih4lgo5So5dtw+f0JgJX30KCNI8gwhz2J9A15wD0Ml6tjHKwf6fTSa6fAdVBdZeNOs9eJ71qCk8vA==

supports-preserve-symlinks-flag@^1.0.0:
  version "1.0.0"
  resolved "https://mirrors.cloud.tencent.com/npm/supports-preserve-symlinks-flag/-/supports-preserve-symlinks-flag-1.0.0.tgz#6eda4bd344a3c94aea376d4cc31bc77311039e09"
  integrity sha512-ot0WnXS9fgdkgIcePe6RHNk1WA8+muPa6cSjeR3V8K27q9BB1rTE3R1p7Hv0z1ZyAc8s6Vvv8DIyWf681MAt0w==

systemjs@^6.12.1:
  version "6.12.1"
  resolved "https://mirrors.cloud.tencent.com/npm/systemjs/-/systemjs-6.12.1.tgz#47cdd23a6ec9f1b01cf5b5f70562c8550da229d3"
  integrity sha512-hqTN6kW+pN6/qro6G9OZ7ceDQOcYno020zBQKpZQLsJhYTDMCMNfXi/Y8duF5iW+4WWZr42ry0MMkcRGpbwG2A==

terser@^5.14.1:
  version "5.14.1"
  resolved "https://mirrors.tencent.com/npm/terser/-/terser-5.14.1.tgz#7c95eec36436cb11cf1902cc79ac564741d19eca"
  integrity sha512-+ahUAE+iheqBTDxXhTisdA8hgvbEG1hHOQ9xmNjeUJSoi6DU/gMrKNcfZjHkyY6Alnuyc+ikYJaxxfHkT3+WuQ==
  dependencies:
    "@jridgewell/source-map" "^0.3.2"
    acorn "^8.5.0"
    commander "^2.20.0"
    source-map-support "~0.5.20"

vite@^2.9.9:
  version "2.9.13"
  resolved "https://mirrors.cloud.tencent.com/npm/vite/-/vite-2.9.13.tgz#859cb5d4c316c0d8c6ec9866045c0f7858ca6abc"
  integrity sha512-AsOBAaT0AD7Mhe8DuK+/kE4aWYFMx/i0ZNi98hJclxb4e0OhQcZYUrvLjIaQ8e59Ui7txcvKMiJC1yftqpQoDw==
  dependencies:
    esbuild "^0.14.27"
    postcss "^8.4.13"
    resolve "^1.22.0"
    rollup "^2.59.0"
  optionalDependencies:
    fsevents "~2.3.2"

vue@^2.7.0:
  version "2.7.0"
  resolved "https://mirrors.cloud.tencent.com/npm/vue/-/vue-2.7.0.tgz#9542552e0460563feff11727949f8964e2501bed"
  integrity sha512-su25f1hocH+QNkVEqk+Oj7B+mkDIWU70l0YY7nYSJFEs3Z64njXxo65RUXnWH46ooEhKmEWyLdW6HcYn8coNrg==
  dependencies:
    "@vue/compiler-sfc" "2.7.0"
    csstype "^3.1.0"
